
Microsoft Visual Studio Solution File, Format Version 11.00
# Visual Studio 2010
Project("{FAE04EC0-301F-11D3-BF4B-00C04F79EFBC}") = "Assembly-CSharp", "Assembly-CSharp.csproj", "{C127923A-C760-56A5-739F-4AD036994196}"
EndProject
Global
	GlobalSection(SolutionConfigurationPlatforms) = preSolution
		Debug|Any CPU = Debug|Any CPU
		Release|Any CPU = Release|Any CPU
	EndGlobalSection
	GlobalSection(ProjectConfigurationPlatforms) = postSolution
		{C127923A-C760-56A5-739F-4AD036994196}.Debug|Any CPU.ActiveCfg = Debug|Any CPU
		{C127923A-C760-56A5-739F-4AD036994196}.Debug|Any CPU.Build.0 = Debug|Any CPU
		{C127923A-C760-56A5-739F-4AD036994196}.Release|Any CPU.ActiveCfg = Release|Any CPU
		{C127923A-C760-56A5-739F-4AD036994196}.Release|Any CPU.Build.0 = Release|Any CPU
	EndGlobalSection
	GlobalSection(SolutionProperties) = preSolution
		HideSolutionNode = FALSE
	EndGlobalSection
EndGlobal
